
Microsoft Visual Studio Solution File, Format Version 12.00
# Visual Studio Version 17
VisualStudioVersion = 17.3.32825.248
MinimumVisualStudioVersion = 10.0.40219.1
Project("{FAE04EC0-301F-11D3-BF4B-00C04F79EFBC}") = "BasicForumApp", "BasicForumApp\BasicForumApp.csproj", "{67C88C2C-0637-4C0B-BCE7-1911139BE794}"
EndProject
Global
	GlobalSection(SolutionConfigurationPlatforms) = preSolution
		Debug|Any CPU = Debug|Any CPU
		Release|Any CPU = Release|Any CPU
	EndGlobalSection
	GlobalSection(ProjectConfigurationPlatforms) = postSolution
		{67C88C2C-0637-4C0B-BCE7-1911139BE794}.Debug|Any CPU.ActiveCfg = Debug|Any CPU
		{67C88C2C-0637-4C0B-BCE7-1911139BE794}.Debug|Any CPU.Build.0 = Debug|Any CPU
		{67C88C2C-0637-4C0B-BCE7-1911139BE794}.Release|Any CPU.ActiveCfg = Release|Any CPU
		{67C88C2C-0637-4C0B-BCE7-1911139BE794}.Release|Any CPU.Build.0 = Release|Any CPU
	EndGlobalSection
	GlobalSection(SolutionProperties) = preSolution
		HideSolutionNode = FALSE
	EndGlobalSection
	GlobalSection(ExtensibilityGlobals) = postSolution
		SolutionGuid = {94BF03C1-483C-49CD-AA4F-510061E0E5FB}
	EndGlobalSection
EndGlobal
